
Microsoft Visual Studio Solution File, Format Version 12.00
# Visual Studio Version 17
VisualStudioVersion = 17.6.33829.357
MinimumVisualStudioVersion = 10.0.40219.1
Project("{9A19103F-16F7-4668-BE54-9A1E7A4F7556}") = "SuggestionAppUI", "SuggestionAppUI\SuggestionAppUI.csproj", "{5B591FDC-0F55-46AC-A8DC-1F6C376E51A2}"
EndProject
Project("{9A19103F-16F7-4668-BE54-9A1E7A4F7556}") = "SuggestionAppLibrary", "SuggestionAppLibrary\SuggestionAppLibrary.csproj", "{819E172D-8139-4782-AA68-2DC13125E97A}"
EndProject
Global
	GlobalSection(SolutionConfigurationPlatforms) = preSolution
		Debug|Any CPU = Debug|Any CPU
		Release|Any CPU = Release|Any CPU
	EndGlobalSection
	GlobalSection(ProjectConfigurationPlatforms) = postSolution
		{5B591FDC-0F55-46AC-A8DC-1F6C376E51A2}.Debug|Any CPU.ActiveCfg = Debug|Any CPU
		{5B591FDC-0F55-46AC-A8DC-1F6C376E51A2}.Debug|Any CPU.Build.0 = Debug|Any CPU
		{5B591FDC-0F55-46AC-A8DC-1F6C376E51A2}.Release|Any CPU.ActiveCfg = Release|Any CPU
		{5B591FDC-0F55-46AC-A8DC-1F6C376E51A2}.Release|Any CPU.Build.0 = Release|Any CPU
		{819E172D-8139-4782-AA68-2DC13125E97A}.Debug|Any CPU.ActiveCfg = Debug|Any CPU
		{819E172D-8139-4782-AA68-2DC13125E97A}.Debug|Any CPU.Build.0 = Debug|Any CPU
		{819E172D-8139-4782-AA68-2DC13125E97A}.Release|Any CPU.ActiveCfg = Release|Any CPU
		{819E172D-8139-4782-AA68-2DC13125E97A}.Release|Any CPU.Build.0 = Release|Any CPU
	EndGlobalSection
	GlobalSection(SolutionProperties) = preSolution
		HideSolutionNode = FALSE
	EndGlobalSection
	GlobalSection(ExtensibilityGlobals) = postSolution
		SolutionGuid = {D34CA162-4F07-45DD-888C-3E1C545CA9E4}
	EndGlobalSection
EndGlobal
